
Microsoft Visual Studio Solution File, Format Version 12.00
# Visual Studio Version 17
VisualStudioVersion = 17.11.35208.52
MinimumVisualStudioVersion = 10.0.40219.1
Project("{FAE04EC0-301F-11D3-BF4B-00C04F79EFBC}") = "AplikasListBilanganPrima", "AplikasListBilanganPrima\AplikasListBilanganPrima.csproj", "{3A096E47-DB1F-46B0-94B3-3F5EBB38BE7F}"
EndProject
Global
	GlobalSection(SolutionConfigurationPlatforms) = preSolution
		Debug|Any CPU = Debug|Any CPU
		Release|Any CPU = Release|Any CPU
	EndGlobalSection
	GlobalSection(ProjectConfigurationPlatforms) = postSolution
		{3A096E47-DB1F-46B0-94B3-3F5EBB38BE7F}.Debug|Any CPU.ActiveCfg = Debug|Any CPU
		{3A096E47-DB1F-46B0-94B3-3F5EBB38BE7F}.Debug|Any CPU.Build.0 = Debug|Any CPU
		{3A096E47-DB1F-46B0-94B3-3F5EBB38BE7F}.Release|Any CPU.ActiveCfg = Release|Any CPU
		{3A096E47-DB1F-46B0-94B3-3F5EBB38BE7F}.Release|Any CPU.Build.0 = Release|Any CPU
	EndGlobalSection
	GlobalSection(SolutionProperties) = preSolution
		HideSolutionNode = FALSE
	EndGlobalSection
	GlobalSection(ExtensibilityGlobals) = postSolution
		SolutionGuid = {1590360D-EE23-4644-A23B-796804FEA64F}
	EndGlobalSection
EndGlobal
